// !$*UTF8*$!
{
	archiveVersion = 1;
	classes = {
	};
	objectVersion = 46;
	objects = {

/* Begin PBXBuildFile section */
		1AB73C2615787B5A00D3E141 /* Foundation.framework in Frameworks */ = {isa = PBXBuildFile; fileRef = 1AB73C2515787B5A00D3E141 /* Foundation.framework */; };
		1AB73C2815787B5A00D3E141 /* UIKit.framework in Frameworks */ = {isa = PBXBuildFile; fileRef = 1AB73C2715787B5A00D3E141 /* UIKit.framework */; };
		1AB73C2A15787B5A00D3E141 /* CoreGraphics.framework in Frameworks */ = {isa = PBXBuildFile; fileRef = 1AB73C2915787B5A00D3E141 /* CoreGraphics.framework */; };
		1AB73C2C15787B5A00D3E141 /* AddressBook.framework in Frameworks */ = {isa = PBXBuildFile; fileRef = 1AB73C2B15787B5A00D3E141 /* AddressBook.framework */; };
		1AB73C2E15787B5A00D3E141 /* AddressBookUI.framework in Frameworks */ = {isa = PBXBuildFile; fileRef = 1AB73C2D15787B5A00D3E141 /* AddressBookUI.framework */; };
		1AB73C3015787B5A00D3E141 /* AudioToolbox.framework in Frameworks */ = {isa = PBXBuildFile; fileRef = 1AB73C2F15787B5A00D3E141 /* AudioToolbox.framework */; };
		1AB73C3215787B5A00D3E141 /* AVFoundation.framework in Frameworks */ = {isa = PBXBuildFile; fileRef = 1AB73C3115787B5A00D3E141 /* AVFoundation.framework */; };
		1AB73C3415787B5A00D3E141 /* CoreLocation.framework in Frameworks */ = {isa = PBXBuildFile; fileRef = 1AB73C3315787B5A00D3E141 /* CoreLocation.framework */; };
		1AB73C3615787B5A00D3E141 /* MediaPlayer.framework in Frameworks */ = {isa = PBXBuildFile; fileRef = 1AB73C3515787B5A00D3E141 /* MediaPlayer.framework */; };
		1AB73C3815787B5A00D3E141 /* QuartzCore.framework in Frameworks */ = {isa = PBXBuildFile; fileRef = 1AB73C3715787B5A00D3E141 /* QuartzCore.framework */; };
		1AB73C3A15787B5A00D3E141 /* SystemConfiguration.framework in Frameworks */ = {isa = PBXBuildFile; fileRef = 1AB73C3915787B5A00D3E141 /* SystemConfiguration.framework */; };
		1AB73C3C15787B5A00D3E141 /* MobileCoreServices.framework in Frameworks */ = {isa = PBXBuildFile; fileRef = 1AB73C3B15787B5A00D3E141 /* MobileCoreServices.framework */; };
		1AB73C3E15787B5A00D3E141 /* CoreMedia.framework in Frameworks */ = {isa = PBXBuildFile; fileRef = 1AB73C3D15787B5A00D3E141 /* CoreMedia.framework */; };
		1AB73C4415787B5A00D3E141 /* InfoPlist.strings in Resources */ = {isa = PBXBuildFile; fileRef = 1AB73C4215787B5A00D3E141 /* InfoPlist.strings */; };
		1AB73C4615787B5A00D3E141 /* main.m in Sources */ = {isa = PBXBuildFile; fileRef = 1AB73C4515787B5A00D3E141 /* main.m */; };
		1AB73C4915787B5A00D3E141 /* Cordova.framework in Frameworks */ = {isa = PBXBuildFile; fileRef = 1AB73C4815787B5A00D3E141 /* Cordova.framework */; };
		1AB73C4E15787B5A00D3E141 /* Localizable.strings in Resources */ = {isa = PBXBuildFile; fileRef = 1AB73C4C15787B5A00D3E141 /* Localizable.strings */; };
		1AB73C5215787B5A00D3E141 /* Localizable.strings in Resources */ = {isa = PBXBuildFile; fileRef = 1AB73C5015787B5A00D3E141 /* Localizable.strings */; };
		1AB73C5615787B5A00D3E141 /* Localizable.strings in Resources */ = {isa = PBXBuildFile; fileRef = 1AB73C5415787B5A00D3E141 /* Localizable.strings */; };
		1AB73C5A15787B5A00D3E141 /* Localizable.strings in Resources */ = {isa = PBXBuildFile; fileRef = 1AB73C5815787B5A00D3E141 /* Localizable.strings */; };
		1AB73C5D15787B5A00D3E141 /* icon.png in Resources */ = {isa = PBXBuildFile; fileRef = 1AB73C5C15787B5A00D3E141 /* icon.png */; };
		1AB73C5F15787B5A00D3E141 /* icon@2x.png in Resources */ = {isa = PBXBuildFile; fileRef = 1AB73C5E15787B5A00D3E141 /* icon@2x.png */; };
		1AB73C6115787B5A00D3E141 /* icon-72.png in Resources */ = {isa = PBXBuildFile; fileRef = 1AB73C6015787B5A00D3E141 /* icon-72.png */; };
		1AB73C6415787B5A00D3E141 /* Default~iphone.png in Resources */ = {isa = PBXBuildFile; fileRef = 1AB73C6315787B5A00D3E141 /* Default~iphone.png */; };
		1AB73C6615787B5B00D3E141 /* Default@2x~iphone.png in Resources */ = {isa = PBXBuildFile; fileRef = 1AB73C6515787B5B00D3E141 /* Default@2x~iphone.png */; };
		1AB73C6815787B5B00D3E141 /* Capture.bundle in Resources */ = {isa = PBXBuildFile; fileRef = 1AB73C6715787B5B00D3E141 /* Capture.bundle */; };
		1AB73C6A15787B5B00D3E141 /* Cordova.plist in Resources */ = {isa = PBXBuildFile; fileRef = 1AB73C6915787B5B00D3E141 /* Cordova.plist */; };
		1AB73C6E15787B5B00D3E141 /* AppDelegate.m in Sources */ = {isa = PBXBuildFile; fileRef = 1AB73C6D15787B5B00D3E141 /* AppDelegate.m */; };
		1AB73C7115787B5B00D3E141 /* MainViewController.m in Sources */ = {isa = PBXBuildFile; fileRef = 1AB73C7015787B5B00D3E141 /* MainViewController.m */; };
		1AB73C7315787B5B00D3E141 /* MainViewController.xib in Resources */ = {isa = PBXBuildFile; fileRef = 1AB73C7215787B5B00D3E141 /* MainViewController.xib */; };
		1AB73C7715787B5B00D3E141 /* verify.sh in Resources */ = {isa = PBXBuildFile; fileRef = 1AB73C7615787B5B00D3E141 /* verify.sh */; };
/* End PBXBuildFile section */

/* Begin PBXFileReference section */
		1AB73C2115787B5A00D3E141 /* tweats.app */ = {isa = PBXFileReference; explicitFileType = wrapper.application; includeInIndex = 0; path = tweats.app; sourceTree = BUILT_PRODUCTS_DIR; };
		1AB73C2515787B5A00D3E141 /* Foundation.framework */ = {isa = PBXFileReference; lastKnownFileType = wrapper.framework; name = Foundation.framework; path = System/Library/Frameworks/Foundation.framework; sourceTree = SDKROOT; };
		1AB73C2715787B5A00D3E141 /* UIKit.framework */ = {isa = PBXFileReference; lastKnownFileType = wrapper.framework; name = UIKit.framework; path = System/Library/Frameworks/UIKit.framework; sourceTree = SDKROOT; };
		1AB73C2915787B5A00D3E141 /* CoreGraphics.framework */ = {isa = PBXFileReference; lastKnownFileType = wrapper.framework; name = CoreGraphics.framework; path = System/Library/Frameworks/CoreGraphics.framework; sourceTree = SDKROOT; };
		1AB73C2B15787B5A00D3E141 /* AddressBook.framework */ = {isa = PBXFileReference; lastKnownFileType = wrapper.framework; name = AddressBook.framework; path = System/Library/Frameworks/AddressBook.framework; sourceTree = SDKROOT; };
		1AB73C2D15787B5A00D3E141 /* AddressBookUI.framework */ = {isa = PBXFileReference; lastKnownFileType = wrapper.framework; name = AddressBookUI.framework; path = System/Library/Frameworks/AddressBookUI.framework; sourceTree = SDKROOT; };
		1AB73C2F15787B5A00D3E141 /* AudioToolbox.framework */ = {isa = PBXFileReference; lastKnownFileType = wrapper.framework; name = AudioToolbox.framework; path = System/Library/Frameworks/AudioToolbox.framework; sourceTree = SDKROOT; };
		1AB73C3115787B5A00D3E141 /* AVFoundation.framework */ = {isa = PBXFileReference; lastKnownFileType = wrapper.framework; name = AVFoundation.framework; path = System/Library/Frameworks/AVFoundation.framework; sourceTree = SDKROOT; };
		1AB73C3315787B5A00D3E141 /* CoreLocation.framework */ = {isa = PBXFileReference; lastKnownFileType = wrapper.framework; name = CoreLocation.framework; path = System/Library/Frameworks/CoreLocation.framework; sourceTree = SDKROOT; };
		1AB73C3515787B5A00D3E141 /* MediaPlayer.framework */ = {isa = PBXFileReference; lastKnownFileType = wrapper.framework; name = MediaPlayer.framework; path = System/Library/Frameworks/MediaPlayer.framework; sourceTree = SDKROOT; };
		1AB73C3715787B5A00D3E141 /* QuartzCore.framework */ = {isa = PBXFileReference; lastKnownFileType = wrapper.framework; name = QuartzCore.framework; path = System/Library/Frameworks/QuartzCore.framework; sourceTree = SDKROOT; };
		1AB73C3915787B5A00D3E141 /* SystemConfiguration.framework */ = {isa = PBXFileReference; lastKnownFileType = wrapper.framework; name = SystemConfiguration.framework; path = System/Library/Frameworks/SystemConfiguration.framework; sourceTree = SDKROOT; };
		1AB73C3B15787B5A00D3E141 /* MobileCoreServices.framework */ = {isa = PBXFileReference; lastKnownFileType = wrapper.framework; name = MobileCoreServices.framework; path = System/Library/Frameworks/MobileCoreServices.framework; sourceTree = SDKROOT; };
		1AB73C3D15787B5A00D3E141 /* CoreMedia.framework */ = {isa = PBXFileReference; lastKnownFileType = wrapper.framework; name = CoreMedia.framework; path = System/Library/Frameworks/CoreMedia.framework; sourceTree = SDKROOT; };
		1AB73C4115787B5A00D3E141 /* tweats-Info.plist */ = {isa = PBXFileReference; path = "tweats-Info.plist"; sourceTree = "<group>"; };
		1AB73C4315787B5A00D3E141 /* en */ = {isa = PBXFileReference; lastKnownFileType = text.plist.strings; name = en; path = en.lproj/InfoPlist.strings; sourceTree = "<group>"; };
		1AB73C4515787B5A00D3E141 /* main.m */ = {isa = PBXFileReference; lastKnownFileType = sourcecode.c.objc; path = main.m; sourceTree = "<group>"; };
		1AB73C4715787B5A00D3E141 /* tweats-Prefix.pch */ = {isa = PBXFileReference; path = "tweats-Prefix.pch"; sourceTree = "<group>"; };
		1AB73C4815787B5A00D3E141 /* Cordova.framework */ = {isa = PBXFileReference; lastKnownFileType = wrapper.framework; name = Cordova.framework; path = /Users/Shared/Cordova/Frameworks/Cordova.framework; sourceTree = "<absolute>"; };
		1AB73C4D15787B5A00D3E141 /* en */ = {isa = PBXFileReference; lastKnownFileType = text.plist.strings; name = en; path = Resources/en.lproj/Localizable.strings; sourceTree = "<group>"; };
		1AB73C5115787B5A00D3E141 /* es */ = {isa = PBXFileReference; lastKnownFileType = text.plist.strings; name = es; path = Resources/es.lproj/Localizable.strings; sourceTree = "<group>"; };
		1AB73C5515787B5A00D3E141 /* de */ = {isa = PBXFileReference; lastKnownFileType = text.plist.strings; name = de; path = Resources/de.lproj/Localizable.strings; sourceTree = "<group>"; };
		1AB73C5915787B5A00D3E141 /* se */ = {isa = PBXFileReference; lastKnownFileType = text.plist.strings; name = se; path = Resources/se.lproj/Localizable.strings; sourceTree = "<group>"; };
		1AB73C5C15787B5A00D3E141 /* icon.png */ = {isa = PBXFileReference; lastKnownFileType = image.png; name = icon.png; path = Resources/icons/icon.png; sourceTree = "<group>"; };
		1AB73C5E15787B5A00D3E141 /* icon@2x.png */ = {isa = PBXFileReference; lastKnownFileType = image.png; name = "icon@2x.png"; path = "Resources/icons/icon@2x.png"; sourceTree = "<group>"; };
		1AB73C6015787B5A00D3E141 /* icon-72.png */ = {isa = PBXFileReference; lastKnownFileType = image.png; name = "icon-72.png"; path = "Resources/icons/icon-72.png"; sourceTree = "<group>"; };
		1AB73C6315787B5A00D3E141 /* Default~iphone.png */ = {isa = PBXFileReference; lastKnownFileType = image.png; name = "Default~iphone.png"; path = "Resources/splash/Default~iphone.png"; sourceTree = "<group>"; };
		1AB73C6515787B5B00D3E141 /* Default@2x~iphone.png */ = {isa = PBXFileReference; lastKnownFileType = image.png; name = "Default@2x~iphone.png"; path = "Resources/splash/Default@2x~iphone.png"; sourceTree = "<group>"; };
		1AB73C6715787B5B00D3E141 /* Capture.bundle */ = {isa = PBXFileReference; lastKnownFileType = "wrapper.plug-in"; name = Capture.bundle; path = Resources/Capture.bundle; sourceTree = "<group>"; };
		1AB73C6915787B5B00D3E141 /* Cordova.plist */ = {isa = PBXFileReference; lastKnownFileType = text.plist.xml; path = Cordova.plist; sourceTree = "<group>"; };
		1AB73C6C15787B5B00D3E141 /* AppDelegate.h */ = {isa = PBXFileReference; name = AppDelegate.h; path = Classes/AppDelegate.h; sourceTree = "<group>"; };
		1AB73C6D15787B5B00D3E141 /* AppDelegate.m */ = {isa = PBXFileReference; lastKnownFileType = sourcecode.c.objc; name = AppDelegate.m; path = Classes/AppDelegate.m; sourceTree = "<group>"; };
		1AB73C6F15787B5B00D3E141 /* MainViewController.h */ = {isa = PBXFileReference; name = MainViewController.h; path = Classes/MainViewController.h; sourceTree = "<group>"; };
		1AB73C7015787B5B00D3E141 /* MainViewController.m */ = {isa = PBXFileReference; lastKnownFileType = sourcecode.c.objc; name = MainViewController.m; path = Classes/MainViewController.m; sourceTree = "<group>"; };
		1AB73C7215787B5B00D3E141 /* MainViewController.xib */ = {isa = PBXFileReference; lastKnownFileType = file.xib; name = MainViewController.xib; path = Classes/MainViewController.xib; sourceTree = "<group>"; };
		1AB73C7515787B5B00D3E141 /* README */ = {isa = PBXFileReference; name = README; path = Plugins/README; sourceTree = "<group>"; };
		1AB73C7615787B5B00D3E141 /* verify.sh */ = {isa = PBXFileReference; lastKnownFileType = text.script.sh; path = verify.sh; sourceTree = "<group>"; };
/* End PBXFileReference section */

/* Begin PBXFrameworksBuildPhase section */
		1AB73C1B15787B5A00D3E141 /* Frameworks */ = {
			isa = PBXFrameworksBuildPhase;
			buildActionMask = 2147483647;
			files = (
				1AB73C2615787B5A00D3E141 /* Foundation.framework in Frameworks */,
				1AB73C2815787B5A00D3E141 /* UIKit.framework in Frameworks */,
				1AB73C2A15787B5A00D3E141 /* CoreGraphics.framework in Frameworks */,
				1AB73C2C15787B5A00D3E141 /* AddressBook.framework in Frameworks */,
				1AB73C2E15787B5A00D3E141 /* AddressBookUI.framework in Frameworks */,
				1AB73C3015787B5A00D3E141 /* AudioToolbox.framework in Frameworks */,
				1AB73C3215787B5A00D3E141 /* AVFoundation.framework in Frameworks */,
				1AB73C3415787B5A00D3E141 /* CoreLocation.framework in Frameworks */,
				1AB73C3615787B5A00D3E141 /* MediaPlayer.framework in Frameworks */,
				1AB73C3815787B5A00D3E141 /* QuartzCore.framework in Frameworks */,
				1AB73C3A15787B5A00D3E141 /* SystemConfiguration.framework in Frameworks */,
				1AB73C3C15787B5A00D3E141 /* MobileCoreServices.framework in Frameworks */,
				1AB73C3E15787B5A00D3E141 /* CoreMedia.framework in Frameworks */,
				1AB73C4915787B5A00D3E141 /* Cordova.framework in Frameworks */,
			);
			runOnlyForDeploymentPostprocessing = 0;
		};
		1AB73C1E15787B5A00D3E141 /* Frameworks */ = {
			isa = PBXFrameworksBuildPhase;
			buildActionMask = 2147483647;
			files = (
			);
			runOnlyForDeploymentPostprocessing = 0;
		};
/* End PBXFrameworksBuildPhase section */

/* Begin PBXGroup section */
		1AB73C1315787B5A00D3E141 = {
			isa = PBXGroup;
			children = (
				1AB73C3F15787B5A00D3E141 /* tweats */,
				1AB73C2415787B5A00D3E141 /* Frameworks */,
				1AB73C2215787B5A00D3E141 /* Products */,
			);
			sourceTree = "<group>";
		};
		1AB73C2215787B5A00D3E141 /* Products */ = {
			isa = PBXGroup;
			children = (
				1AB73C2115787B5A00D3E141 /* tweats.app */,
			);
			name = Products;
			sourceTree = "<group>";
		};
		1AB73C2415787B5A00D3E141 /* Frameworks */ = {
			isa = PBXGroup;
			children = (
				1AB73C2515787B5A00D3E141 /* Foundation.framework */,
				1AB73C2715787B5A00D3E141 /* UIKit.framework */,
				1AB73C2915787B5A00D3E141 /* CoreGraphics.framework */,
				1AB73C2B15787B5A00D3E141 /* AddressBook.framework */,
				1AB73C2D15787B5A00D3E141 /* AddressBookUI.framework */,
				1AB73C2F15787B5A00D3E141 /* AudioToolbox.framework */,
				1AB73C3115787B5A00D3E141 /* AVFoundation.framework */,
				1AB73C3315787B5A00D3E141 /* CoreLocation.framework */,
				1AB73C3515787B5A00D3E141 /* MediaPlayer.framework */,
				1AB73C3715787B5A00D3E141 /* QuartzCore.framework */,
				1AB73C3915787B5A00D3E141 /* SystemConfiguration.framework */,
				1AB73C3B15787B5A00D3E141 /* MobileCoreServices.framework */,
				1AB73C3D15787B5A00D3E141 /* CoreMedia.framework */,
			);
			name = Frameworks;
			sourceTree = "<group>";
		};
		1AB73C3F15787B5A00D3E141 /* tweats */ = {
			isa = PBXGroup;
			children = (
				1AB73C4815787B5A00D3E141 /* Cordova.framework */,
				1AB73C4A15787B5A00D3E141 /* Resources */,
				1AB73C6B15787B5B00D3E141 /* Classes */,
				1AB73C7415787B5B00D3E141 /* Plugins */,
				1AB73C4015787B5A00D3E141 /* Supporting Files */,
			);
			path = tweats;
			sourceTree = "<group>";
		};
		1AB73C4015787B5A00D3E141 /* Supporting Files */ = {
			isa = PBXGroup;
			children = (
				1AB73C4115787B5A00D3E141 /* tweats-Info.plist */,
				1AB73C4215787B5A00D3E141 /* InfoPlist.strings */,
				1AB73C4515787B5A00D3E141 /* main.m */,
				1AB73C4715787B5A00D3E141 /* tweats-Prefix.pch */,
				1AB73C6915787B5B00D3E141 /* Cordova.plist */,
				1AB73C7215787B5B00D3E141 /* MainViewController.xib */,
				1AB73C7615787B5B00D3E141 /* verify.sh */,
			);
			name = "Supporting Files";
			sourceTree = "<group>";
		};
		1AB73C4A15787B5A00D3E141 /* Resources */ = {
			isa = PBXGroup;
			children = (
				1AB73C6715787B5B00D3E141 /* Capture.bundle */,
				1AB73C4B15787B5A00D3E141 /* en.lproj */,
				1AB73C4F15787B5A00D3E141 /* es.lproj */,
				1AB73C5315787B5A00D3E141 /* de.lproj */,
				1AB73C5715787B5A00D3E141 /* se.lproj */,
				1AB73C5B15787B5A00D3E141 /* icons */,
				1AB73C6215787B5A00D3E141 /* splash */,
			);
			name = Resources;
			sourceTree = "<group>";
		};
		1AB73C4B15787B5A00D3E141 /* en.lproj */ = {
			isa = PBXGroup;
			children = (
				1AB73C4C15787B5A00D3E141 /* Localizable.strings */,
			);
			name = en.lproj;
			sourceTree = "<group>";
		};
		1AB73C4F15787B5A00D3E141 /* es.lproj */ = {
			isa = PBXGroup;
			children = (
				1AB73C5015787B5A00D3E141 /* Localizable.strings */,
			);
			name = es.lproj;
			sourceTree = "<group>";
		};
		1AB73C5315787B5A00D3E141 /* de.lproj */ = {
			isa = PBXGroup;
			children = (
				1AB73C5415787B5A00D3E141 /* Localizable.strings */,
			);
			name = de.lproj;
			sourceTree = "<group>";
		};
		1AB73C5715787B5A00D3E141 /* se.lproj */ = {
			isa = PBXGroup;
			children = (
				1AB73C5815787B5A00D3E141 /* Localizable.strings */,
			);
			name = se.lproj;
			sourceTree = "<group>";
		};
		1AB73C5B15787B5A00D3E141 /* icons */ = {
			isa = PBXGroup;
			children = (
				1AB73C5C15787B5A00D3E141 /* icon.png */,
				1AB73C5E15787B5A00D3E141 /* icon@2x.png */,
				1AB73C6015787B5A00D3E141 /* icon-72.png */,
			);
			name = icons;
			sourceTree = "<group>";
		};
		1AB73C6215787B5A00D3E141 /* splash */ = {
			isa = PBXGroup;
			children = (
				1AB73C6315787B5A00D3E141 /* Default~iphone.png */,
				1AB73C6515787B5B00D3E141 /* Default@2x~iphone.png */,
			);
			name = splash;
			sourceTree = "<group>";
		};
		1AB73C6B15787B5B00D3E141 /* Classes */ = {
			isa = PBXGroup;
			children = (
				1AB73C6C15787B5B00D3E141 /* AppDelegate.h */,
				1AB73C6D15787B5B00D3E141 /* AppDelegate.m */,
				1AB73C6F15787B5B00D3E141 /* MainViewController.h */,
				1AB73C7015787B5B00D3E141 /* MainViewController.m */,
			);
			name = Classes;
			sourceTree = "<group>";
		};
		1AB73C7415787B5B00D3E141 /* Plugins */ = {
			isa = PBXGroup;
			children = (
				1AB73C7515787B5B00D3E141 /* README */,
			);
			name = Plugins;
			sourceTree = "<group>";
		};
/* End PBXGroup section */

/* Begin PBXNativeTarget section */
		1AB73C2015787B5A00D3E141 /* tweats */ = {
			isa = PBXNativeTarget;
			buildConfigurationList = 1AB73C7A15787B5B00D3E141 /* Build configuration list for PBXNativeTarget "tweats" */;
			buildPhases = (
				1AB73C1A15787B5A00D3E141 /* Sources */,
				1AB73C1B15787B5A00D3E141 /* Frameworks */,
				1AB73C1C15787B5A00D3E141 /* Resources */,
				1AB73C1D15787B5A00D3E141 /* Sources */,
				1AB73C1E15787B5A00D3E141 /* Frameworks */,
				1AB73C1F15787B5A00D3E141 /* ShellScript */,
			);
			buildRules = (
			);
			dependencies = (
			);
			name = tweats;
			productName = tweats;
			productReference = 1AB73C2115787B5A00D3E141 /* tweats.app */;
			productType = "com.apple.product-type.application";
		};
/* End PBXNativeTarget section */

/* Begin PBXProject section */
		1AB73C1515787B5A00D3E141 /* Project object */ = {
			isa = PBXProject;
			attributes = {
				LastUpgradeCheck = 0420;
			};
			buildConfigurationList = 1AB73C1815787B5A00D3E141 /* Build configuration list for PBXProject "tweats" */;
			compatibilityVersion = "Xcode 3.2";
			developmentRegion = English;
			hasScannedForEncodings = 0;
			knownRegions = (
				en,
				es,
				de,
				se,
			);
			mainGroup = 1AB73C1315787B5A00D3E141;
			productRefGroup = 1AB73C2215787B5A00D3E141 /* Products */;
			projectDirPath = "";
			projectRoot = "";
			targets = (
				1AB73C2015787B5A00D3E141 /* tweats */,
			);
		};
/* End PBXProject section */

/* Begin PBXResourcesBuildPhase section */
		1AB73C1C15787B5A00D3E141 /* Resources */ = {
			isa = PBXResourcesBuildPhase;
			buildActionMask = 2147483647;
			files = (
				1AB73C4415787B5A00D3E141 /* InfoPlist.strings in Resources */,
				1AB73C4E15787B5A00D3E141 /* Localizable.strings in Resources */,
				1AB73C5215787B5A00D3E141 /* Localizable.strings in Resources */,
				1AB73C5615787B5A00D3E141 /* Localizable.strings in Resources */,
				1AB73C5A15787B5A00D3E141 /* Localizable.strings in Resources */,
				1AB73C5D15787B5A00D3E141 /* icon.png in Resources */,
				1AB73C5F15787B5A00D3E141 /* icon@2x.png in Resources */,
				1AB73C6115787B5A00D3E141 /* icon-72.png in Resources */,
				1AB73C6415787B5A00D3E141 /* Default~iphone.png in Resources */,
				1AB73C6615787B5B00D3E141 /* Default@2x~iphone.png in Resources */,
				1AB73C6815787B5B00D3E141 /* Capture.bundle in Resources */,
				1AB73C6A15787B5B00D3E141 /* Cordova.plist in Resources */,
				1AB73C7315787B5B00D3E141 /* MainViewController.xib in Resources */,
				1AB73C7715787B5B00D3E141 /* verify.sh in Resources */,
			);
			runOnlyForDeploymentPostprocessing = 0;
		};
/* End PBXResourcesBuildPhase section */

/* Begin PBXShellScriptBuildPhase section */
		1AB73C1F15787B5A00D3E141 /* ShellScript */ = {
			isa = PBXShellScriptBuildPhase;
			buildActionMask = 2147483647;
			files = (
			);
			inputPaths = (
			);
			outputPaths = (
			);
			runOnlyForDeploymentPostprocessing = 0;
			shellPath = /bin/bash;
			shellScript = "\n\t\t\t\t\t\t\t\tchmod 755 \"$PROJECT_DIR/$PROJECT_NAME/verify.sh\"\n\t\t\t\t\t\t\t\t\"$PROJECT_DIR/$PROJECT_NAME/verify.sh\"\n\t\t\t\t\t";
		};
/* End PBXShellScriptBuildPhase section */

/* Begin PBXSourcesBuildPhase section */
		1AB73C1A15787B5A00D3E141 /* Sources */ = {
			isa = PBXSourcesBuildPhase;
			buildActionMask = 2147483647;
			files = (
				1AB73C4615787B5A00D3E141 /* main.m in Sources */,
				1AB73C6E15787B5B00D3E141 /* AppDelegate.m in Sources */,
				1AB73C7115787B5B00D3E141 /* MainViewController.m in Sources */,
			);
			runOnlyForDeploymentPostprocessing = 0;
		};
		1AB73C1D15787B5A00D3E141 /* Sources */ = {
			isa = PBXSourcesBuildPhase;
			buildActionMask = 2147483647;
			files = (
			);
			runOnlyForDeploymentPostprocessing = 0;
		};
/* End PBXSourcesBuildPhase section */

/* Begin PBXVariantGroup section */
		1AB73C4215787B5A00D3E141 /* InfoPlist.strings */ = {
			isa = PBXVariantGroup;
			children = (
				1AB73C4315787B5A00D3E141 /* en */,
			);
			name = InfoPlist.strings;
			sourceTree = "<group>";
		};
		1AB73C4C15787B5A00D3E141 /* Localizable.strings */ = {
			isa = PBXVariantGroup;
			children = (
				1AB73C4D15787B5A00D3E141 /* en */,
			);
			name = Localizable.strings;
			sourceTree = "<group>";
		};
		1AB73C5015787B5A00D3E141 /* Localizable.strings */ = {
			isa = PBXVariantGroup;
			children = (
				1AB73C5115787B5A00D3E141 /* es */,
			);
			name = Localizable.strings;
			sourceTree = "<group>";
		};
		1AB73C5415787B5A00D3E141 /* Localizable.strings */ = {
			isa = PBXVariantGroup;
			children = (
				1AB73C5515787B5A00D3E141 /* de */,
			);
			name = Localizable.strings;
			sourceTree = "<group>";
		};
		1AB73C5815787B5A00D3E141 /* Localizable.strings */ = {
			isa = PBXVariantGroup;
			children = (
				1AB73C5915787B5A00D3E141 /* se */,
			);
			name = Localizable.strings;
			sourceTree = "<group>";
		};
/* End PBXVariantGroup section */

/* Begin XCBuildConfiguration section */
		1AB73C7815787B5B00D3E141 /* Debug */ = {
			isa = XCBuildConfiguration;
			buildSettings = {
				ALWAYS_SEARCH_USER_PATHS = NO;
				ARCHS = (
					armv6,
					"$(ARCHS_STANDARD_32_BIT)",
				);
				"CODE_SIGN_IDENTITY[sdk=iphoneos*]" = "iPhone Developer";
				COPY_PHASE_STRIP = NO;
				GCC_C_LANGUAGE_STANDARD = gnu99;
				GCC_DYNAMIC_NO_PIC = NO;
				GCC_OPTIMIZATION_LEVEL = 0;
				GCC_PREPROCESSOR_DEFINITIONS = (
					"DEBUG=1",
					"$(inherited)",
				);
				GCC_SYMBOLS_PRIVATE_EXTERN = NO;
				GCC_VERSION = com.apple.compilers.llvm.clang.1_0;
				GCC_WARN_ABOUT_MISSING_PROTOTYPES = YES;
				GCC_WARN_ABOUT_RETURN_TYPE = YES;
				GCC_WARN_UNUSED_VARIABLE = YES;
				IPHONEOS_DEPLOYMENT_TARGET = 3.0;
				SDKROOT = iphoneos;
			};
			name = Debug;
		};
		1AB73C7915787B5B00D3E141 /* Release */ = {
			isa = XCBuildConfiguration;
			buildSettings = {
				ALWAYS_SEARCH_USER_PATHS = NO;
				ARCHS = (
					armv6,
					"$(ARCHS_STANDARD_32_BIT)",
				);
				"CODE_SIGN_IDENTITY[sdk=iphoneos*]" = "iPhone Developer";
				COPY_PHASE_STRIP = YES;
				GCC_C_LANGUAGE_STANDARD = gnu99;
				GCC_VERSION = com.apple.compilers.llvm.clang.1_0;
				GCC_WARN_ABOUT_MISSING_PROTOTYPES = YES;
				GCC_WARN_ABOUT_RETURN_TYPE = YES;
				GCC_WARN_UNUSED_VARIABLE = YES;
				IPHONEOS_DEPLOYMENT_TARGET = 3.0;
				SDKROOT = iphoneos;
				VALIDATE_PRODUCT = YES;
			};
			name = Release;
		};
		1AB73C7B15787B5B00D3E141 /* Debug */ = {
			isa = XCBuildConfiguration;
			buildSettings = {
				ALWAYS_SEARCH_USER_PATHS = YES;
				COPY_PHASE_STRIP = NO;
				FRAMEWORK_SEARCH_PATHS = /Users/Shared/Cordova/Frameworks;
				GCC_DYNAMIC_NO_PIC = NO;
				GCC_PRECOMPILE_PREFIX_HEADER = YES;
				GCC_PREFIX_HEADER = "tweats/tweats-Prefix.pch";
				GCC_PREPROCESSOR_DEFINITIONS = (
					"DEBUG=1,",
					"CORDOVA_FRAMEWORK=1",
				);
				INFOPLIST_FILE = "tweats/tweats-Info.plist";
				OTHER_LDFLAGS = (
					"-weak_framework",
					UIKit,
					"-weak_framework",
					AVFoundation,
					"-weak_framework",
					CoreMedia,
					"-weak_library",
					/usr/lib/libSystem.B.dylib,
				);
				PRODUCT_NAME = "$(TARGET_NAME)";
				TARGETED_DEVICE_FAMILY = "1,2";
				WRAPPER_EXTENSION = app;
			};
			name = Debug;
		};
		1AB73C7C15787B5B00D3E141 /* Release */ = {
			isa = XCBuildConfiguration;
			buildSettings = {
				ALWAYS_SEARCH_USER_PATHS = YES;
				COPY_PHASE_STRIP = YES;
				DEBUG_INFORMATION_FORMAT = "dwarf-with-dsym";
				FRAMEWORK_SEARCH_PATHS = /Users/Shared/Cordova/Frameworks;
				GCC_PRECOMPILE_PREFIX_HEADER = YES;
				GCC_PREFIX_HEADER = "tweats/tweats-Prefix.pch";
				GCC_PREPROCESSOR_DEFINITIONS = (
					"NDEBUG=1,",
					"CORDOVA_FRAMEWORK=1",
				);
				INFOPLIST_FILE = "tweats/tweats-Info.plist";
				OTHER_LDFLAGS = (
					"-weak_framework",
					UIKit,
					"-weak_framework",
					AVFoundation,
					"-weak_framework",
					CoreMedia,
					"-weak_library",
					/usr/lib/libSystem.B.dylib,
				);
				PRODUCT_NAME = "$(TARGET_NAME)";
				TARGETED_DEVICE_FAMILY = "1,2";
				VALIDATE_PRODUCT = YES;
				WRAPPER_EXTENSION = app;
			};
			name = Release;
		};
/* End XCBuildConfiguration section */

/* Begin XCConfigurationList section */
		1AB73C1815787B5A00D3E141 /* Build configuration list for PBXProject "tweats" */ = {
			isa = XCConfigurationList;
			buildConfigurations = (
				1AB73C7815787B5B00D3E141 /* Debug */,
				1AB73C7915787B5B00D3E141 /* Release */,
			);
			defaultConfigurationIsVisible = 0;
			defaultConfigurationName = Release;
		};
		1AB73C7A15787B5B00D3E141 /* Build configuration list for PBXNativeTarget "tweats" */ = {
			isa = XCConfigurationList;
			buildConfigurations = (
				1AB73C7B15787B5B00D3E141 /* Debug */,
				1AB73C7C15787B5B00D3E141 /* Release */,
			);
			defaultConfigurationIsVisible = 0;
		};
/* End XCConfigurationList section */
	};
	rootObject = 1AB73C1515787B5A00D3E141 /* Project object */;
}
